// !$*UTF8*$!
{
	archiveVersion = 1;
	classes = {
	};
	objectVersion = 46;
	objects = {

/* Begin PBXBuildFile section */
		E91F93F51D2E7D2100C68255 /* main.m in Sources */ = {isa = PBXBuildFile; fileRef = E91F93F41D2E7D2100C68255 /* main.m */; };
/* End PBXBuildFile section */

/* Begin PBXCopyFilesBuildPhase section */
		E91F93EF1D2E7D2100C68255 /* CopyFiles */ = {
			isa = PBXCopyFilesBuildPhase;
			buildActionMask = 2147483647;
			dstPath = /usr/share/man/man1/;
			dstSubfolderSpec = 0;
			files = (
			);
			runOnlyForDeploymentPostprocessing = 1;
		};
/* End PBXCopyFilesBuildPhase section */

/* Begin PBXFileReference section */
		E91F93F11D2E7D2100C68255 /* strings2plist */ = {isa = PBXFileReference; explicitFileType = "compiled.mach-o.executable"; includeInIndex = 0; path = strings2plist; sourceTree = BUILT_PRODUCTS_DIR; };
		E91F93F41D2E7D2100C68255 /* main.m */ = {isa = PBXFileReference; lastKnownFileType = sourcecode.c.objc; path = main.m; sourceTree = "<group>"; };
/* End PBXFileReference section */

/* Begin PBXFrameworksBuildPhase section */
		E91F93EE1D2E7D2100C68255 /* Frameworks */ = {
			isa = PBXFrameworksBuildPhase;
			buildActionMask = 2147483647;
			files = (
			);
			runOnlyForDeploymentPostprocessing = 0;
		};
/* End PBXFrameworksBuildPhase section */

/* Begin PBXGroup section */
		E91F93E81D2E7D2100C68255 = {
			isa = PBXGroup;
			children = (
				E91F93F31D2E7D2100C68255 /* string2plist */,
				E91F93F21D2E7D2100C68255 /* Products */,
			);
			sourceTree = "<group>";
		};
		E91F93F21D2E7D2100C68255 /* Products */ = {
			isa = PBXGroup;
			children = (
				E91F93F11D2E7D2100C68255 /* strings2plist */,
			);
			name = Products;
			sourceTree = "<group>";
		};
		E91F93F31D2E7D2100C68255 /* string2plist */ = {
			isa = PBXGroup;
			children = (
				E91F93F41D2E7D2100C68255 /* main.m */,
			);
			path = string2plist;
			sourceTree = "<group>";
		};
/* End PBXGroup section */

/* Begin PBXNativeTarget section */
		E91F93F01D2E7D2100C68255 /* strings2plist */ = {
			isa = PBXNativeTarget;
			buildConfigurationList = E91F93F81D2E7D2100C68255 /* Build configuration list for PBXNativeTarget "strings2plist" */;
			buildPhases = (
				E91F93ED1D2E7D2100C68255 /* Sources */,
				E91F93EE1D2E7D2100C68255 /* Frameworks */,
				E91F93EF1D2E7D2100C68255 /* CopyFiles */,
			);
			buildRules = (
			);
			dependencies = (
			);
			name = strings2plist;
			productName = string2plist;
			productReference = E91F93F11D2E7D2100C68255 /* strings2plist */;
			productType = "com.apple.product-type.tool";
		};
/* End PBXNativeTarget section */

/* Begin PBXProject section */
		E91F93E91D2E7D2100C68255 /* Project object */ = {
			isa = PBXProject;
			attributes = {
				LastUpgradeCheck = 0720;
				ORGANIZATIONNAME = lemon4ex;
				TargetAttributes = {
					E91F93F01D2E7D2100C68255 = {
						CreatedOnToolsVersion = 7.2;
					};
				};
			};
			buildConfigurationList = E91F93EC1D2E7D2100C68255 /* Build configuration list for PBXProject "strings2plist" */;
			compatibilityVersion = "Xcode 3.2";
			developmentRegion = English;
			hasScannedForEncodings = 0;
			knownRegions = (
				en,
				Base,
			);
			mainGroup = E91F93E81D2E7D2100C68255;
			productRefGroup = E91F93F21D2E7D2100C68255 /* Products */;
			projectDirPath = "";
			projectRoot = "";
			targets = (
				E91F93F01D2E7D2100C68255 /* strings2plist */,
			);
		};
/* End PBXProject section */

/* Begin PBXSourcesBuildPhase section */
		E91F93ED1D2E7D2100C68255 /* Sources */ = {
			isa = PBXSourcesBuildPhase;
			buildActionMask = 2147483647;
			files = (
				E91F93F51D2E7D2100C68255 /* main.m in Sources */,
			);
			runOnlyForDeploymentPostprocessing = 0;
		};
/* End PBXSourcesBuildPhase section */

/* Begin XCBuildConfiguration section */
		E91F93F61D2E7D2100C68255 /* Debug */ = {
			isa = XCBuildConfiguration;
			buildSettings = {
				ALWAYS_SEARCH_USER_PATHS = NO;
				CLANG_CXX_LANGUAGE_STANDARD = "gnu++0x";
				CLANG_CXX_LIBRARY = "libc++";
				CLANG_ENABLE_MODULES = YES;
				CLANG_ENABLE_OBJC_ARC = YES;
				CLANG_WARN_BOOL_CONVERSION = YES;
				CLANG_WARN_CONSTANT_CONVERSION = YES;
				CLANG_WARN_DIRECT_OBJC_ISA_USAGE = YES_ERROR;
				CLANG_WARN_EMPTY_BODY = YES;
				CLANG_WARN_ENUM_CONVERSION = YES;
				CLANG_WARN_INT_CONVERSION = YES;
				CLANG_WARN_OBJC_ROOT_CLASS = YES_ERROR;
				CLANG_WARN_UNREACHABLE_CODE = YES;
				CLANG_WARN__DUPLICATE_METHOD_MATCH = YES;
				CODE_SIGN_IDENTITY = "-";
				COPY_PHASE_STRIP = NO;
				DEBUG_INFORMATION_FORMAT = dwarf;
				ENABLE_STRICT_OBJC_MSGSEND = YES;
				ENABLE_TESTABILITY = YES;
				GCC_C_LANGUAGE_STANDARD = gnu99;
				GCC_DYNAMIC_NO_PIC = NO;
				GCC_NO_COMMON_BLOCKS = YES;
				GCC_OPTIMIZATION_LEVEL = 0;
				GCC_PREPROCESSOR_DEFINITIONS = (
					"DEBUG=1",
					"$(inherited)",
				);
				GCC_WARN_64_TO_32_BIT_CONVERSION = YES;
				GCC_WARN_ABOUT_RETURN_TYPE = YES_ERROR;
				GCC_WARN_UNDECLARED_SELECTOR = YES;
				GCC_WARN_UNINITIALIZED_AUTOS = YES_AGGRESSIVE;
				GCC_WARN_UNUSED_FUNCTION = YES;
				GCC_WARN_UNUSED_VARIABLE = YES;
				MACOSX_DEPLOYMENT_TARGET = 10.11;
				MTL_ENABLE_DEBUG_INFO = YES;
				ONLY_ACTIVE_ARCH = YES;
				SDKROOT = macosx;
			};
			name = Debug;
		};
		E91F93F71D2E7D2100C68255 /* Release */ = {
			isa = XCBuildConfiguration;
			buildSettings = {
				ALWAYS_SEARCH_USER_PATHS = NO;
				CLANG_CXX_LANGUAGE_STANDARD = "gnu++0x";
				CLANG_CXX_LIBRARY = "libc++";
				CLANG_ENABLE_MODULES = YES;
				CLANG_ENABLE_OBJC_ARC = YES;
				CLANG_WARN_BOOL_CONVERSION = YES;
				CLANG_WARN_CONSTANT_CONVERSION = YES;
				CLANG_WARN_DIRECT_OBJC_ISA_USAGE = YES_ERROR;
				CLANG_WARN_EMPTY_BODY = YES;
				CLANG_WARN_ENUM_CONVERSION = YES;
				CLANG_WARN_INT_CONVERSION = YES;
				CLANG_WARN_OBJC_ROOT_CLASS = YES_ERROR;
				CLANG_WARN_UNREACHABLE_CODE = YES;
				CLANG_WARN__DUPLICATE_METHOD_MATCH = YES;
				CODE_SIGN_IDENTITY = "-";
				COPY_PHASE_STRIP = NO;
				DEBUG_INFORMATION_FORMAT = "dwarf-with-dsym";
				ENABLE_NS_ASSERTIONS = NO;
				ENABLE_STRICT_OBJC_MSGSEND = YES;
				GCC_C_LANGUAGE_STANDARD = gnu99;
				GCC_NO_COMMON_BLOCKS = YES;
				GCC_WARN_64_TO_32_BIT_CONVERSION = YES;
				GCC_WARN_ABOUT_RETURN_TYPE = YES_ERROR;
				GCC_WARN_UNDECLARED_SELECTOR = YES;
				GCC_WARN_UNINITIALIZED_AUTOS = YES_AGGRESSIVE;
				GCC_WARN_UNUSED_FUNCTION = YES;
				GCC_WARN_UNUSED_VARIABLE = YES;
				MACOSX_DEPLOYMENT_TARGET = 10.11;
				MTL_ENABLE_DEBUG_INFO = NO;
				SDKROOT = macosx;
			};
			name = Release;
		};
		E91F93F91D2E7D2100C68255 /* Debug */ = {
			isa = XCBuildConfiguration;
			buildSettings = {
				PRODUCT_NAME = strings2plist;
			};
			name = Debug;
		};
		E91F93FA1D2E7D2100C68255 /* Release */ = {
			isa = XCBuildConfiguration;
			buildSettings = {
				PRODUCT_NAME = strings2plist;
			};
			name = Release;
		};
/* End XCBuildConfiguration section */

/* Begin XCConfigurationList section */
		E91F93EC1D2E7D2100C68255 /* Build configuration list for PBXProject "strings2plist" */ = {
			isa = XCConfigurationList;
			buildConfigurations = (
				E91F93F61D2E7D2100C68255 /* Debug */,
				E91F93F71D2E7D2100C68255 /* Release */,
			);
			defaultConfigurationIsVisible = 0;
			defaultConfigurationName = Release;
		};
		E91F93F81D2E7D2100C68255 /* Build configuration list for PBXNativeTarget "strings2plist" */ = {
			isa = XCConfigurationList;
			buildConfigurations = (
				E91F93F91D2E7D2100C68255 /* Debug */,
				E91F93FA1D2E7D2100C68255 /* Release */,
			);
			defaultConfigurationIsVisible = 0;
			defaultConfigurationName = Release;
		};
/* End XCConfigurationList section */
	};
	rootObject = E91F93E91D2E7D2100C68255 /* Project object */;
}
